{
  "requires": true,
  "lockfileVersion": 1,
  "dependencies": {
    "@element-plus/icons-vue": {
      "version": "2.1.0",
      "resolved": "https://registry.npmmirror.com/@element-plus/icons-vue/-/icons-vue-2.1.0.tgz",
      "integrity": "sha512-PSBn3elNoanENc1vnCfh+3WA9fimRC7n+fWkf3rE5jvv+aBohNHABC/KAR5KWPecxWxDTVT1ERpRbOMRcOV/vA=="
    }
  }
}
